PODS:
  - PickImageAlert (1.0.4)

DEPENDENCIES:
  - PickImageAlert (from `https://github.com/limadeveloper/PickImageAlert.git`, branch `feature/spm_support`)

EXTERNAL SOURCES:
  PickImageAlert:
    :branch: feature/spm_support
    :git: https://github.com/limadeveloper/PickImageAlert.git

CHECKOUT OPTIONS:
  PickImageAlert:
    :commit: f80da8cc9d0631f4c67412f27c886053110b8ff3
    :git: https://github.com/limadeveloper/PickImageAlert.git

SPEC CHECKSUMS:
  PickImageAlert: 27f48de8e32a776771cd27a31ada80fa9bba000f

PODFILE CHECKSUM: bd3690f7dd182a61d51f96598e7f92ca43220ae2

COCOAPODS: 1.7.5
