PODS:
  - PickImageAlert (1.0.4):
    - SwiftLint
  - SwiftLint (0.35.0)

DEPENDENCIES:
  - PickImageAlert (from `https://github.com/thejohnlima/PickImageAlert.git`, branch `master`)

SPEC REPOS:
  trunk:
    - SwiftLint

EXTERNAL SOURCES:
  PickImageAlert:
    :branch: master
    :git: https://github.com/thejohnlima/PickImageAlert.git

CHECKOUT OPTIONS:
  PickImageAlert:
    :commit: 21d1ce6c08ead7816b0fb2e48ab244f33491c46f
    :git: https://github.com/thejohnlima/PickImageAlert.git

SPEC CHECKSUMS:
  PickImageAlert: 62eabc5887524cfd6f15bcd573c61c605114d509
  SwiftLint: 5553187048b900c91aa03552807681bb6b027846

PODFILE CHECKSUM: b87520294c63aee995d1a42074187b8861f8b786

COCOAPODS: 1.8.1
